{
  "originHash" : "e4aae79e8455dc43067c35918ec820fa1ca5fc6830a0dd55781320cbc25bafd0",
  "pins" : [
    {
      "identity" : "j2kswift",
      "kind" : "remoteSourceControl",
      "location" : "https://github.com/Raster-Lab/J2KSwift.git",
      "state" : {
        "revision" : "67717126cab42e5d060484475a94f7490bdfb91c",
        "version" : "4.0.1"
      }
    },
    {
      "identity" : "swift-argument-parser",
      "kind" : "remoteSourceControl",
      "location" : "https://github.com/apple/swift-argument-parser.git",
      "state" : {
        "revision" : "626b5b7b2f45e1b0b1c6f4a309296d1d21d7311b",
        "version" : "1.7.1"
      }
    }
  ],
  "version" : 3
}
