{
  "originHash" : "6c95539b72cef6518a2af9e1f7c4cf0fb95bc881782b652776522f3a11a040c7",
  "pins" : [
    {
      "identity" : "j2kswift",
      "kind" : "remoteSourceControl",
      "location" : "https://github.com/Raster-Lab/J2KSwift.git",
      "state" : {
        "revision" : "164311d322126b904ac28e2aea9a9ca8c67dc674",
        "version" : "5.1.1"
      }
    },
    {
      "identity" : "swift-argument-parser",
      "kind" : "remoteSourceControl",
      "location" : "https://github.com/apple/swift-argument-parser.git",
      "state" : {
        "revision" : "626b5b7b2f45e1b0b1c6f4a309296d1d21d7311b",
        "version" : "1.7.1"
      }
    }
  ],
  "version" : 3
}
