{
  "originHash" : "d9ab9393dd384f06ce67ecf6cd2481be7a2cd69a69713d47f49d22eb4f610ac8",
  "pins" : [
    {
      "identity" : "compressionfamily",
      "kind" : "remoteSourceControl",
      "location" : "https://github.com/Raster-Lab/CompressionFamily.git",
      "state" : {
        "revision" : "36ef2c94e28a3b74ba395ce6397ba2ae7b041c5e",
        "version" : "1.0.1"
      }
    },
    {
      "identity" : "j2kswift",
      "kind" : "remoteSourceControl",
      "location" : "https://github.com/Raster-Lab/J2KSwift.git",
      "state" : {
        "revision" : "768f6b53499b806fd0304962056e1fc7833f12e5",
        "version" : "11.0.3"
      }
    },
    {
      "identity" : "jliswift",
      "kind" : "remoteSourceControl",
      "location" : "https://github.com/Raster-Lab/JLISwift.git",
      "state" : {
        "revision" : "9f1c6eb609fe6f26498db82b13df6b305630a374",
        "version" : "0.5.0"
      }
    },
    {
      "identity" : "jlswift",
      "kind" : "remoteSourceControl",
      "location" : "https://github.com/Raster-Lab/JLSwift.git",
      "state" : {
        "revision" : "58e061186ad6b683dddc0ac04f898f9047337f86",
        "version" : "0.9.2"
      }
    },
    {
      "identity" : "jxlswift",
      "kind" : "remoteSourceControl",
      "location" : "https://github.com/Raster-Lab/JXLSwift.git",
      "state" : {
        "revision" : "760697a54dd253da8e8466c3fd09ecf2c2d89aec",
        "version" : "1.4.0"
      }
    },
    {
      "identity" : "swift-argument-parser",
      "kind" : "remoteSourceControl",
      "location" : "https://github.com/apple/swift-argument-parser.git",
      "state" : {
        "revision" : "6a52f3251125d74daf04fcbd5e6f08a75d074382",
        "version" : "1.8.2"
      }
    }
  ],
  "version" : 3
}
